
Microsoft Visual Studio Solution File, Format Version 12.00
# Visual Studio Version 16
VisualStudioVersion = 16.0.30204.135
MinimumVisualStudioVersion = 10.0.40219.1
Project("{9A19103F-16F7-4668-BE54-9A1E7A4F7556}") = "AKDice", "AKDice\AKDice.csproj", "{E274FEFB-E972-4499-9695-75A82220ECD5}"
EndProject
Project("{FAE04EC0-301F-11D3-BF4B-00C04F79EFBC}") = "UnitTestProject1", "UnitTestProject1\UnitTestProject1.csproj", "{DC73C1EB-919D-4C80-8412-7AF05B7995CF}"
EndProject
Global
	GlobalSection(SolutionConfigurationPlatforms) = preSolution
		Debug|Any CPU = Debug|Any CPU
		Debug|x64 = Debug|x64
		Release|Any CPU = Release|Any CPU
		Release|x64 = Release|x64
	EndGlobalSection
	GlobalSection(ProjectConfigurationPlatforms) = postSolution
		{E274FEFB-E972-4499-9695-75A82220ECD5}.Debug|Any CPU.ActiveCfg = Debug|Any CPU
		{E274FEFB-E972-4499-9695-75A82220ECD5}.Debug|Any CPU.Build.0 = Debug|Any CPU
		{E274FEFB-E972-4499-9695-75A82220ECD5}.Debug|x64.ActiveCfg = Debug|x64
		{E274FEFB-E972-4499-9695-75A82220ECD5}.Debug|x64.Build.0 = Debug|x64
		{E274FEFB-E972-4499-9695-75A82220ECD5}.Release|Any CPU.ActiveCfg = Release|Any CPU
		{E274FEFB-E972-4499-9695-75A82220ECD5}.Release|Any CPU.Build.0 = Release|Any CPU
		{E274FEFB-E972-4499-9695-75A82220ECD5}.Release|x64.ActiveCfg = Release|x64
		{E274FEFB-E972-4499-9695-75A82220ECD5}.Release|x64.Build.0 = Release|x64
		{DC73C1EB-919D-4C80-8412-7AF05B7995CF}.Debug|Any CPU.ActiveCfg = Debug|Any CPU
		{DC73C1EB-919D-4C80-8412-7AF05B7995CF}.Debug|Any CPU.Build.0 = Debug|Any CPU
		{DC73C1EB-919D-4C80-8412-7AF05B7995CF}.Debug|x64.ActiveCfg = Debug|Any CPU
		{DC73C1EB-919D-4C80-8412-7AF05B7995CF}.Debug|x64.Build.0 = Debug|Any CPU
		{DC73C1EB-919D-4C80-8412-7AF05B7995CF}.Release|Any CPU.ActiveCfg = Release|Any CPU
		{DC73C1EB-919D-4C80-8412-7AF05B7995CF}.Release|Any CPU.Build.0 = Release|Any CPU
		{DC73C1EB-919D-4C80-8412-7AF05B7995CF}.Release|x64.ActiveCfg = Release|Any CPU
		{DC73C1EB-919D-4C80-8412-7AF05B7995CF}.Release|x64.Build.0 = Release|Any CPU
	EndGlobalSection
	GlobalSection(SolutionProperties) = preSolution
		HideSolutionNode = FALSE
	EndGlobalSection
	GlobalSection(ExtensibilityGlobals) = postSolution
		SolutionGuid = {18BBC481-6A45-40D2-A50F-DE87A44FB9FB}
	EndGlobalSection
EndGlobal
